
Microsoft Visual Studio Solution File, Format Version 12.00
# Visual Studio Version 17
VisualStudioVersion = 17.5.33516.290
MinimumVisualStudioVersion = 10.0.40219.1
Project("{FAE04EC0-301F-11D3-BF4B-00C04F79EFBC}") = "TPFinal_LuzziLuca", "TPFinal_LuzziLuca\TPFinal_LuzziLuca.csproj", "{FF58AF14-AA69-4133-8B26-34E957FBD37D}"
EndProject
Global
	GlobalSection(SolutionConfigurationPlatforms) = preSolution
		Debug|Any CPU = Debug|Any CPU
		Release|Any CPU = Release|Any CPU
	EndGlobalSection
	GlobalSection(ProjectConfigurationPlatforms) = postSolution
		{FF58AF14-AA69-4133-8B26-34E957FBD37D}.Debug|Any CPU.ActiveCfg = Debug|Any CPU
		{FF58AF14-AA69-4133-8B26-34E957FBD37D}.Debug|Any CPU.Build.0 = Debug|Any CPU
		{FF58AF14-AA69-4133-8B26-34E957FBD37D}.Release|Any CPU.ActiveCfg = Release|Any CPU
		{FF58AF14-AA69-4133-8B26-34E957FBD37D}.Release|Any CPU.Build.0 = Release|Any CPU
	EndGlobalSection
	GlobalSection(SolutionProperties) = preSolution
		HideSolutionNode = FALSE
	EndGlobalSection
	GlobalSection(ExtensibilityGlobals) = postSolution
		SolutionGuid = {7B305B44-F2CE-4A5A-B630-E49A35B47DAA}
	EndGlobalSection
EndGlobal
